
Microsoft Visual Studio Solution File, Format Version 12.00
# Visual Studio Version 16
VisualStudioVersion = 16.0.31702.278
MinimumVisualStudioVersion = 10.0.40219.1
Project("{8BC9CEB8-8B4A-11D0-8D11-00A0C91BC942}") = "DCT", "DCT\DCT.vcxproj", "{829469F0-31DB-41DB-9CB0-E17D3803B0D9}"
EndProject
Global
	GlobalSection(SolutionConfigurationPlatforms) = preSolution
		Debug|x64 = Debug|x64
		Debug|x86 = Debug|x86
		Release|x64 = Release|x64
		Release|x86 = Release|x86
	EndGlobalSection
	GlobalSection(ProjectConfigurationPlatforms) = postSolution
		{829469F0-31DB-41DB-9CB0-E17D3803B0D9}.Debug|x64.ActiveCfg = Debug|x64
		{829469F0-31DB-41DB-9CB0-E17D3803B0D9}.Debug|x64.Build.0 = Debug|x64
		{829469F0-31DB-41DB-9CB0-E17D3803B0D9}.Debug|x86.ActiveCfg = Debug|Win32
		{829469F0-31DB-41DB-9CB0-E17D3803B0D9}.Debug|x86.Build.0 = Debug|Win32
		{829469F0-31DB-41DB-9CB0-E17D3803B0D9}.Release|x64.ActiveCfg = Release|x64
		{829469F0-31DB-41DB-9CB0-E17D3803B0D9}.Release|x64.Build.0 = Release|x64
		{829469F0-31DB-41DB-9CB0-E17D3803B0D9}.Release|x86.ActiveCfg = Release|Win32
		{829469F0-31DB-41DB-9CB0-E17D3803B0D9}.Release|x86.Build.0 = Release|Win32
	EndGlobalSection
	GlobalSection(SolutionProperties) = preSolution
		HideSolutionNode = FALSE
	EndGlobalSection
	GlobalSection(ExtensibilityGlobals) = postSolution
		SolutionGuid = {7A19AD58-1F12-4A62-A96A-3F1F3C667BFA}
	EndGlobalSection
EndGlobal
